
Microsoft Visual Studio Solution File, Format Version 12.00
# Visual Studio 2013
VisualStudioVersion = 12.0.40629.0
MinimumVisualStudioVersion = 10.0.40219.1
Project("{8BC9CEB8-8B4A-11D0-8D11-00A0C91BC942}") = "Tactics", "Tactics\Tactics.vcxproj", "{FB3EC404-470D-4FA8-BEF9-066CB283548B}"
EndProject
Project("{8BC9CEB8-8B4A-11D0-8D11-00A0C91BC942}") = "Test", "Test\Test.vcxproj", "{9F6A1A77-8101-481C-B4FB-02AEE8E12790}"
EndProject
Global
	GlobalSection(SolutionConfigurationPlatforms) = preSolution
		Debug|Win32 = Debug|Win32
		Release|Win32 = Release|Win32
	EndGlobalSection
	GlobalSection(ProjectConfigurationPlatforms) = postSolution
		{FB3EC404-470D-4FA8-BEF9-066CB283548B}.Debug|Win32.ActiveCfg = Debug|Win32
		{FB3EC404-470D-4FA8-BEF9-066CB283548B}.Debug|Win32.Build.0 = Debug|Win32
		{FB3EC404-470D-4FA8-BEF9-066CB283548B}.Release|Win32.ActiveCfg = Release|Win32
		{FB3EC404-470D-4FA8-BEF9-066CB283548B}.Release|Win32.Build.0 = Release|Win32
		{9F6A1A77-8101-481C-B4FB-02AEE8E12790}.Debug|Win32.ActiveCfg = Debug|Win32
		{9F6A1A77-8101-481C-B4FB-02AEE8E12790}.Debug|Win32.Build.0 = Debug|Win32
		{9F6A1A77-8101-481C-B4FB-02AEE8E12790}.Release|Win32.ActiveCfg = Release|Win32
		{9F6A1A77-8101-481C-B4FB-02AEE8E12790}.Release|Win32.Build.0 = Release|Win32
	EndGlobalSection
	GlobalSection(SolutionProperties) = preSolution
		HideSolutionNode = FALSE
	EndGlobalSection
EndGlobal
