
Microsoft Visual Studio Solution File, Format Version 12.00
# Visual Studio 15
VisualStudioVersion = 15.0.27703.2047
MinimumVisualStudioVersion = 10.0.40219.1
Project("{8BC9CEB8-8B4A-11D0-8D11-00A0C91BC942}") = "Tactics", "Tactics\Tactics.vcxproj", "{FB3EC404-470D-4FA8-BEF9-066CB283548B}"
	ProjectSection(ProjectDependencies) = postProject
		{20758639-52EE-4319-886A-9C8101649297} = {20758639-52EE-4319-886A-9C8101649297}
		{1174A98A-127A-4604-863F-B12C97B8547F} = {1174A98A-127A-4604-863F-B12C97B8547F}
	EndProjectSection
EndProject
Project("{8BC9CEB8-8B4A-11D0-8D11-00A0C91BC942}") = "Engine", "Engine\Engine.vcxproj", "{1174A98A-127A-4604-863F-B12C97B8547F}"
EndProject
Project("{8BC9CEB8-8B4A-11D0-8D11-00A0C91BC942}") = "Game", "Game\Game.vcxproj", "{20758639-52EE-4319-886A-9C8101649297}"
	ProjectSection(ProjectDependencies) = postProject
		{1174A98A-127A-4604-863F-B12C97B8547F} = {1174A98A-127A-4604-863F-B12C97B8547F}
	EndProjectSection
EndProject
Project("{8BC9CEB8-8B4A-11D0-8D11-00A0C91BC942}") = "TestEngine", "TestEngine\TestEngine.vcxproj", "{C6EC2349-4889-451A-9585-58A919A85D13}"
EndProject
Project("{8BC9CEB8-8B4A-11D0-8D11-00A0C91BC942}") = "TestGame", "TestGame\TestGame.vcxproj", "{058127FD-860F-4274-AF43-EA7CAED51EB7}"
EndProject
Global
	GlobalSection(SolutionConfigurationPlatforms) = preSolution
		Debug|Win32 = Debug|Win32
		Debug|x64 = Debug|x64
		Release|Win32 = Release|Win32
		Release|x64 = Release|x64
	EndGlobalSection
	GlobalSection(ProjectConfigurationPlatforms) = postSolution
		{FB3EC404-470D-4FA8-BEF9-066CB283548B}.Debug|Win32.ActiveCfg = Debug|Win32
		{FB3EC404-470D-4FA8-BEF9-066CB283548B}.Debug|Win32.Build.0 = Debug|Win32
		{FB3EC404-470D-4FA8-BEF9-066CB283548B}.Debug|x64.ActiveCfg = Debug|x64
		{FB3EC404-470D-4FA8-BEF9-066CB283548B}.Release|Win32.ActiveCfg = Debug|Win32
		{FB3EC404-470D-4FA8-BEF9-066CB283548B}.Release|Win32.Build.0 = Debug|Win32
		{FB3EC404-470D-4FA8-BEF9-066CB283548B}.Release|x64.ActiveCfg = Release|x64
		{FB3EC404-470D-4FA8-BEF9-066CB283548B}.Release|x64.Build.0 = Release|x64
		{1174A98A-127A-4604-863F-B12C97B8547F}.Debug|Win32.ActiveCfg = Debug|Win32
		{1174A98A-127A-4604-863F-B12C97B8547F}.Debug|Win32.Build.0 = Debug|Win32
		{1174A98A-127A-4604-863F-B12C97B8547F}.Debug|x64.ActiveCfg = Debug|x64
		{1174A98A-127A-4604-863F-B12C97B8547F}.Debug|x64.Build.0 = Debug|x64
		{1174A98A-127A-4604-863F-B12C97B8547F}.Release|Win32.ActiveCfg = Debug|Win32
		{1174A98A-127A-4604-863F-B12C97B8547F}.Release|Win32.Build.0 = Debug|Win32
		{1174A98A-127A-4604-863F-B12C97B8547F}.Release|x64.ActiveCfg = Release|x64
		{1174A98A-127A-4604-863F-B12C97B8547F}.Release|x64.Build.0 = Release|x64
		{20758639-52EE-4319-886A-9C8101649297}.Debug|Win32.ActiveCfg = Debug|Win32
		{20758639-52EE-4319-886A-9C8101649297}.Debug|Win32.Build.0 = Debug|Win32
		{20758639-52EE-4319-886A-9C8101649297}.Debug|x64.ActiveCfg = Debug|x64
		{20758639-52EE-4319-886A-9C8101649297}.Release|Win32.ActiveCfg = Debug|Win32
		{20758639-52EE-4319-886A-9C8101649297}.Release|Win32.Build.0 = Debug|Win32
		{20758639-52EE-4319-886A-9C8101649297}.Release|x64.ActiveCfg = Release|x64
		{20758639-52EE-4319-886A-9C8101649297}.Release|x64.Build.0 = Release|x64
		{C6EC2349-4889-451A-9585-58A919A85D13}.Debug|Win32.ActiveCfg = Debug|Win32
		{C6EC2349-4889-451A-9585-58A919A85D13}.Debug|Win32.Build.0 = Debug|Win32
		{C6EC2349-4889-451A-9585-58A919A85D13}.Debug|x64.ActiveCfg = Debug|x64
		{C6EC2349-4889-451A-9585-58A919A85D13}.Debug|x64.Build.0 = Debug|x64
		{C6EC2349-4889-451A-9585-58A919A85D13}.Release|Win32.ActiveCfg = Release|Win32
		{C6EC2349-4889-451A-9585-58A919A85D13}.Release|Win32.Build.0 = Release|Win32
		{C6EC2349-4889-451A-9585-58A919A85D13}.Release|x64.ActiveCfg = Release|x64
		{C6EC2349-4889-451A-9585-58A919A85D13}.Release|x64.Build.0 = Release|x64
		{058127FD-860F-4274-AF43-EA7CAED51EB7}.Debug|Win32.ActiveCfg = Debug|Win32
		{058127FD-860F-4274-AF43-EA7CAED51EB7}.Debug|Win32.Build.0 = Debug|Win32
		{058127FD-860F-4274-AF43-EA7CAED51EB7}.Debug|x64.ActiveCfg = Debug|x64
		{058127FD-860F-4274-AF43-EA7CAED51EB7}.Debug|x64.Build.0 = Debug|x64
		{058127FD-860F-4274-AF43-EA7CAED51EB7}.Release|Win32.ActiveCfg = Release|Win32
		{058127FD-860F-4274-AF43-EA7CAED51EB7}.Release|Win32.Build.0 = Release|Win32
		{058127FD-860F-4274-AF43-EA7CAED51EB7}.Release|x64.ActiveCfg = Release|x64
		{058127FD-860F-4274-AF43-EA7CAED51EB7}.Release|x64.Build.0 = Release|x64
	EndGlobalSection
	GlobalSection(SolutionProperties) = preSolution
		HideSolutionNode = FALSE
	EndGlobalSection
	GlobalSection(ExtensibilityGlobals) = postSolution
		SolutionGuid = {35B054B8-DAB1-4EF3-9352-C7310792A41A}
	EndGlobalSection
EndGlobal
