
Microsoft Visual Studio Solution File, Format Version 12.00
# Visual Studio 15
VisualStudioVersion = 15.0.28307.329
MinimumVisualStudioVersion = 10.0.40219.1
Project("{8BC9CEB8-8B4A-11D0-8D11-00A0C91BC942}") = "Angel", "Angel\Angel.vcxproj", "{5BD703BB-4AD1-4087-A7D0-F163DB775492}"
EndProject
Project("{8BC9CEB8-8B4A-11D0-8D11-00A0C91BC942}") = "Logic", "Logic\Logic.vcxproj", "{A48CEBD2-949C-402F-B2F9-5A5060729EAA}"
EndProject
Project("{8BC9CEB8-8B4A-11D0-8D11-00A0C91BC942}") = "TestLogic", "TestLogic\TestLogic.vcxproj", "{A2E7E396-DEED-47F5-BDA3-400F0C331201}"
EndProject
Project("{8BC9CEB8-8B4A-11D0-8D11-00A0C91BC942}") = "Parser", "Parser\Parser.vcxproj", "{617695E7-0CB8-49EC-A95D-65CFA44320DB}"
	ProjectSection(ProjectDependencies) = postProject
		{A48CEBD2-949C-402F-B2F9-5A5060729EAA} = {A48CEBD2-949C-402F-B2F9-5A5060729EAA}
	EndProjectSection
EndProject
Project("{8BC9CEB8-8B4A-11D0-8D11-00A0C91BC942}") = "TestParser", "TestParser\TestParser.vcxproj", "{B50A2649-C993-4FFC-897C-1F427D56FEF0}"
	ProjectSection(ProjectDependencies) = postProject
		{A48CEBD2-949C-402F-B2F9-5A5060729EAA} = {A48CEBD2-949C-402F-B2F9-5A5060729EAA}
	EndProjectSection
EndProject
Global
	GlobalSection(SolutionConfigurationPlatforms) = preSolution
		Debug|Win32 = Debug|Win32
		Debug|x64 = Debug|x64
		Release|Win32 = Release|Win32
		Release|x64 = Release|x64
	EndGlobalSection
	GlobalSection(ProjectConfigurationPlatforms) = postSolution
		{5BD703BB-4AD1-4087-A7D0-F163DB775492}.Debug|Win32.ActiveCfg = Debug|Win32
		{5BD703BB-4AD1-4087-A7D0-F163DB775492}.Debug|Win32.Build.0 = Debug|Win32
		{5BD703BB-4AD1-4087-A7D0-F163DB775492}.Debug|x64.ActiveCfg = Debug|Win32
		{5BD703BB-4AD1-4087-A7D0-F163DB775492}.Release|Win32.ActiveCfg = Release|Win32
		{5BD703BB-4AD1-4087-A7D0-F163DB775492}.Release|Win32.Build.0 = Release|Win32
		{5BD703BB-4AD1-4087-A7D0-F163DB775492}.Release|x64.ActiveCfg = Release|Win32
		{A48CEBD2-949C-402F-B2F9-5A5060729EAA}.Debug|Win32.ActiveCfg = Debug|Win32
		{A48CEBD2-949C-402F-B2F9-5A5060729EAA}.Debug|Win32.Build.0 = Debug|Win32
		{A48CEBD2-949C-402F-B2F9-5A5060729EAA}.Debug|x64.ActiveCfg = Debug|Win32
		{A48CEBD2-949C-402F-B2F9-5A5060729EAA}.Release|Win32.ActiveCfg = Release|Win32
		{A48CEBD2-949C-402F-B2F9-5A5060729EAA}.Release|Win32.Build.0 = Release|Win32
		{A48CEBD2-949C-402F-B2F9-5A5060729EAA}.Release|x64.ActiveCfg = Release|Win32
		{A2E7E396-DEED-47F5-BDA3-400F0C331201}.Debug|Win32.ActiveCfg = Debug|Win32
		{A2E7E396-DEED-47F5-BDA3-400F0C331201}.Debug|Win32.Build.0 = Debug|Win32
		{A2E7E396-DEED-47F5-BDA3-400F0C331201}.Debug|x64.ActiveCfg = Debug|x64
		{A2E7E396-DEED-47F5-BDA3-400F0C331201}.Debug|x64.Build.0 = Debug|x64
		{A2E7E396-DEED-47F5-BDA3-400F0C331201}.Release|Win32.ActiveCfg = Release|Win32
		{A2E7E396-DEED-47F5-BDA3-400F0C331201}.Release|Win32.Build.0 = Release|Win32
		{A2E7E396-DEED-47F5-BDA3-400F0C331201}.Release|x64.ActiveCfg = Release|x64
		{A2E7E396-DEED-47F5-BDA3-400F0C331201}.Release|x64.Build.0 = Release|x64
		{617695E7-0CB8-49EC-A95D-65CFA44320DB}.Debug|Win32.ActiveCfg = Debug|Win32
		{617695E7-0CB8-49EC-A95D-65CFA44320DB}.Debug|Win32.Build.0 = Debug|Win32
		{617695E7-0CB8-49EC-A95D-65CFA44320DB}.Debug|x64.ActiveCfg = Debug|x64
		{617695E7-0CB8-49EC-A95D-65CFA44320DB}.Debug|x64.Build.0 = Debug|x64
		{617695E7-0CB8-49EC-A95D-65CFA44320DB}.Release|Win32.ActiveCfg = Release|Win32
		{617695E7-0CB8-49EC-A95D-65CFA44320DB}.Release|Win32.Build.0 = Release|Win32
		{617695E7-0CB8-49EC-A95D-65CFA44320DB}.Release|x64.ActiveCfg = Release|x64
		{617695E7-0CB8-49EC-A95D-65CFA44320DB}.Release|x64.Build.0 = Release|x64
		{B50A2649-C993-4FFC-897C-1F427D56FEF0}.Debug|Win32.ActiveCfg = Debug|Win32
		{B50A2649-C993-4FFC-897C-1F427D56FEF0}.Debug|Win32.Build.0 = Debug|Win32
		{B50A2649-C993-4FFC-897C-1F427D56FEF0}.Debug|x64.ActiveCfg = Debug|x64
		{B50A2649-C993-4FFC-897C-1F427D56FEF0}.Debug|x64.Build.0 = Debug|x64
		{B50A2649-C993-4FFC-897C-1F427D56FEF0}.Release|Win32.ActiveCfg = Release|Win32
		{B50A2649-C993-4FFC-897C-1F427D56FEF0}.Release|Win32.Build.0 = Release|Win32
		{B50A2649-C993-4FFC-897C-1F427D56FEF0}.Release|x64.ActiveCfg = Release|x64
		{B50A2649-C993-4FFC-897C-1F427D56FEF0}.Release|x64.Build.0 = Release|x64
	EndGlobalSection
	GlobalSection(SolutionProperties) = preSolution
		HideSolutionNode = FALSE
	EndGlobalSection
	GlobalSection(ExtensibilityGlobals) = postSolution
		SolutionGuid = {284CA3CA-862B-4A5F-872D-FFFB8D5FEDED}
	EndGlobalSection
EndGlobal
